
Microsoft Visual Studio Solution File, Format Version 12.00
# Visual Studio Version 17
VisualStudioVersion = 17.7.34018.315
MinimumVisualStudioVersion = 10.0.40219.1
Project("{FAE04EC0-301F-11D3-BF4B-00C04F79EFBC}") = "Uppgift 2.6", "Uppgift 2.6\Uppgift 2.6.csproj", "{56136BF3-F9BF-4E65-A10A-A428F4B7BBCB}"
EndProject
Global
	GlobalSection(SolutionConfigurationPlatforms) = preSolution
		Debug|Any CPU = Debug|Any CPU
		Release|Any CPU = Release|Any CPU
	EndGlobalSection
	GlobalSection(ProjectConfigurationPlatforms) = postSolution
		{56136BF3-F9BF-4E65-A10A-A428F4B7BBCB}.Debug|Any CPU.ActiveCfg = Debug|Any CPU
		{56136BF3-F9BF-4E65-A10A-A428F4B7BBCB}.Debug|Any CPU.Build.0 = Debug|Any CPU
		{56136BF3-F9BF-4E65-A10A-A428F4B7BBCB}.Release|Any CPU.ActiveCfg = Release|Any CPU
		{56136BF3-F9BF-4E65-A10A-A428F4B7BBCB}.Release|Any CPU.Build.0 = Release|Any CPU
	EndGlobalSection
	GlobalSection(SolutionProperties) = preSolution
		HideSolutionNode = FALSE
	EndGlobalSection
	GlobalSection(ExtensibilityGlobals) = postSolution
		SolutionGuid = {8660949E-0A2C-4314-97CA-EB6150ECBCEB}
	EndGlobalSection
EndGlobal
